<?xml version="1.0" encoding="utf-8"?>
<Project ToolsVersion="4.0" xmlns="http://schemas.microsoft.com/developer/msbuild/2003">
  <ItemGroup>
    <Filter Include="Source Files">
      <UniqueIdentifier>{4FC737F1-C7A5-4376-A066-2A32D752A2FF}</UniqueIdentifier>
      <Extensions>cpp;c;cc;cxx;c++;cppm;ixx;def;odl;idl;hpj;bat;asm;asmx</Extensions>
    </Filter>
    <Filter Include="Header Files">
      <UniqueIdentifier>{93995380-89BD-4b04-88EB-625FBE52EBFB}</UniqueIdentifier>
      <Extensions>h;hh;hpp;hxx;h++;hm;inl;inc;ipp;xsd</Extensions>
    </Filter>
    <Filter Include="Resource Files">
      <UniqueIdentifier>{67DA6AB6-F800-4c08-8B7A-83BB121AAD01}</UniqueIdentifier>
      <Extensions>rc;ico;cur;bmp;dlg;rc2;rct;bin;rgs;gif;jpg;jpeg;jpe;resx;tiff;tif;png;wav;mfcribbon-ms</Extensions>
    </Filter>
    <Filter Include="Header Files\Characters">
      <UniqueIdentifier>{3601051a-ce08-4f70-8eb3-22f6693767cf}</UniqueIdentifier>
    </Filter>
    <Filter Include="Header Files\Enemies">
      <UniqueIdentifier>{3aac02bc-4b5d-47ce-86c4-f9f096f405cb}</UniqueIdentifier>
    </Filter>
    <Filter Include="Source Files\Characters">
      <UniqueIdentifier>{b3ac7981-db25-4e41-9807-af08f671399d}</UniqueIdentifier>
    </Filter>
    <Filter Include="Source Files\Enemies">
      <UniqueIdentifier>{f9202305-22e6-4af4-83fb-bec380adaf15}</UniqueIdentifier>
    </Filter>
    <Filter Include="Source Files\Components">
      <UniqueIdentifier>{f386c23e-506f-47c1-97a5-75ec4e48f278}</UniqueIdentifier>
    </Filter>
    <Filter Include="Header Files\Levels">
      <UniqueIdentifier>{d579146d-2c60-4e05-98ce-5893e4d85698}</UniqueIdentifier>
    </Filter>
    <Filter Include="Source Files\Levels">
      <UniqueIdentifier>{f3fae967-2555-4023-b44c-85cdcbc67bd9}</UniqueIdentifier>
    </Filter>
    <Filter Include="Header Files\Levels\dungeon">
      <UniqueIdentifier>{926ed668-3e38-40c0-bdb1-368ca9b457f5}</UniqueIdentifier>
    </Filter>
    <Filter Include="Header Files\Levels\town">
      <UniqueIdentifier>{923fe77d-23d0-4e0f-8752-0e33eada78e3}</UniqueIdentifier>
    </Filter>
    <Filter Include="Source Files\Levels\Dungeon">
      <UniqueIdentifier>{dd771d7b-a9c3-4aa1-9279-1563085c8645}</UniqueIdentifier>
    </Filter>
    <Filter Include="Source Files\Levels\Town">
      <UniqueIdentifier>{5401bcb4-5088-481d-b2bf-d9319cd01359}</UniqueIdentifier>
    </Filter>
    <Filter Include="Header Files\Components">
      <UniqueIdentifier>{000505f4-d157-4ed2-a6cb-5c5d53cc6369}</UniqueIdentifier>
    </Filter>
    <Filter Include="Source Files\Control flow">
      <UniqueIdentifier>{145edc46-0f60-44de-ab08-344daaa4effa}</UniqueIdentifier>
    </Filter>
    <Filter Include="Header Files\Control flow">
      <UniqueIdentifier>{908485df-3d55-4426-9bff-e028e2067ac9}</UniqueIdentifier>
    </Filter>
    <Filter Include="Header Files\Display">
      <UniqueIdentifier>{68cdaa87-3a94-44dc-a42c-3fc3d4a107e7}</UniqueIdentifier>
    </Filter>
    <Filter Include="Source Files\Display">
      <UniqueIdentifier>{ad60dc5d-5137-4256-aeb3-b8f3269a9777}</UniqueIdentifier>
    </Filter>
  </ItemGroup>
  <ItemGroup>
    <ClInclude Include="Alex.h">
      <Filter>Header Files\Characters</Filter>
    </ClInclude>
    <ClInclude Include="Clive.h">
      <Filter>Header Files\Characters</Filter>
    </ClInclude>
    <ClInclude Include="Jane.h">
      <Filter>Header Files\Characters</Filter>
    </ClInclude>
    <ClInclude Include="Characters.h">
      <Filter>Header Files\Characters</Filter>
    </ClInclude>
    <ClInclude Include="Deadly_Doggo.h">
      <Filter>Header Files\Enemies</Filter>
    </ClInclude>
    <ClInclude Include="Attributes.h">
      <Filter>Header Files\Components</Filter>
    </ClInclude>
    <ClInclude Include="Functions.h">
      <Filter>Header Files\Components</Filter>
    </ClInclude>
    <ClInclude Include="States.h">
      <Filter>Header Files\Components</Filter>
    </ClInclude>
    <ClInclude Include="Scene.h">
      <Filter>Header Files\Levels</Filter>
    </ClInclude>
    <ClInclude Include="residence.h">
      <Filter>Header Files\Levels\town</Filter>
    </ClInclude>
    <ClInclude Include="store.h">
      <Filter>Header Files\Levels\town</Filter>
    </ClInclude>
    <ClInclude Include="town.h">
      <Filter>Header Files\Levels\town</Filter>
    </ClInclude>
    <ClInclude Include="Entrance.h">
      <Filter>Header Files\Levels\dungeon</Filter>
    </ClInclude>
    <ClInclude Include="Storeroom.h">
      <Filter>Header Files\Levels\dungeon</Filter>
    </ClInclude>
    <ClInclude Include="Factory.h">
      <Filter>Header Files\Levels\dungeon</Filter>
    </ClInclude>
    <ClInclude Include="Puzzle.h">
      <Filter>Header Files\Levels\dungeon</Filter>
    </ClInclude>
    <ClInclude Include="Hideout.h">
      <Filter>Header Files\Levels\dungeon</Filter>
    </ClInclude>
    <ClInclude Include="Boss.h">
      <Filter>Header Files\Levels\dungeon</Filter>
    </ClInclude>
    <ClInclude Include="Input.h">
      <Filter>Header Files</Filter>
    </ClInclude>
    <ClInclude Include="Initialization.h">
      <Filter>Header Files</Filter>
    </ClInclude>
    <ClInclude Include="Timer.h">
      <Filter>Header Files</Filter>
    </ClInclude>
    <ClInclude Include="SceneMgmt.h">
      <Filter>Header Files\Control flow</Filter>
    </ClInclude>
    <ClInclude Include="Window.h">
      <Filter>Header Files\Display</Filter>
    </ClInclude>
    <ClInclude Include="Renderer.h">
      <Filter>Header Files\Display</Filter>
    </ClInclude>
  </ItemGroup>
  <ItemGroup>
    <ClCompile Include="Deadly_Doggo.cpp">
      <Filter>Source Files\Enemies</Filter>
    </ClCompile>
    <ClCompile Include="Alex.cpp">
      <Filter>Source Files\Characters</Filter>
    </ClCompile>
    <ClCompile Include="Clive.cpp">
      <Filter>Source Files\Characters</Filter>
    </ClCompile>
    <ClCompile Include="Jane.cpp">
      <Filter>Source Files\Characters</Filter>
    </ClCompile>
    <ClCompile Include="Characters.cpp">
      <Filter>Source Files\Characters</Filter>
    </ClCompile>
    <ClCompile Include="Attributes.cpp">
      <Filter>Source Files\Components</Filter>
    </ClCompile>
    <ClCompile Include="Functions.cpp">
      <Filter>Source Files\Components</Filter>
    </ClCompile>
    <ClCompile Include="States.cpp">
      <Filter>Source Files\Components</Filter>
    </ClCompile>
    <ClCompile Include="Scene.cpp">
      <Filter>Source Files\Levels</Filter>
    </ClCompile>
    <ClCompile Include="Boss.cpp">
      <Filter>Source Files\Levels\Dungeon</Filter>
    </ClCompile>
    <ClCompile Include="Entrance.cpp">
      <Filter>Source Files\Levels\Dungeon</Filter>
    </ClCompile>
    <ClCompile Include="Factory.cpp">
      <Filter>Source Files\Levels\Dungeon</Filter>
    </ClCompile>
    <ClCompile Include="Hideout.cpp">
      <Filter>Source Files\Levels\Dungeon</Filter>
    </ClCompile>
    <ClCompile Include="Puzzle.cpp">
      <Filter>Source Files\Levels\Dungeon</Filter>
    </ClCompile>
    <ClCompile Include="Storeroom.cpp">
      <Filter>Source Files\Levels\Dungeon</Filter>
    </ClCompile>
    <ClCompile Include="residence.cpp">
      <Filter>Source Files\Levels\Town</Filter>
    </ClCompile>
    <ClCompile Include="store.cpp">
      <Filter>Source Files\Levels\Town</Filter>
    </ClCompile>
    <ClCompile Include="town.cpp">
      <Filter>Source Files\Levels\Town</Filter>
    </ClCompile>
    <ClCompile Include="Main.cpp">
      <Filter>Source Files</Filter>
    </ClCompile>
    <ClCompile Include="Input.cpp">
      <Filter>Source Files</Filter>
    </ClCompile>
    <ClCompile Include="Initialization.cpp">
      <Filter>Source Files</Filter>
    </ClCompile>
    <ClCompile Include="SceneMgmt.cpp">
      <Filter>Source Files\Control flow</Filter>
    </ClCompile>
    <ClCompile Include="Loop.cpp">
      <Filter>Source Files\Control flow</Filter>
    </ClCompile>
    <ClCompile Include="Renderer.cpp">
      <Filter>Source Files\Display</Filter>
    </ClCompile>
    <ClCompile Include="Timer.cpp">
      <Filter>Source Files</Filter>
    </ClCompile>
    <ClCompile Include="Window.cpp">
      <Filter>Source Files\Display</Filter>
    </ClCompile>
  </ItemGroup>
</Project>